// !$*UTF8*$!
{
	archiveVersion = 1;
	classes = {
	};
	objectVersion = 46;
	objects = {

/* Begin PBXBuildFile section */
		BC823FF015ED9D4B009FFC47 /* UIKit.framework in Frameworks */ = {isa = PBXBuildFile; fileRef = BC823FEF15ED9D4B009FFC47 /* UIKit.framework */; };
		BC823FF215ED9D4B009FFC47 /* Foundation.framework in Frameworks */ = {isa = PBXBuildFile; fileRef = BC823FF115ED9D4B009FFC47 /* Foundation.framework */; };
		BC823FF415ED9D4B009FFC47 /* CoreGraphics.framework in Frameworks */ = {isa = PBXBuildFile; fileRef = BC823FF315ED9D4B009FFC47 /* CoreGraphics.framework */; };
		BC823FFA15ED9D4B009FFC47 /* InfoPlist.strings in Resources */ = {isa = PBXBuildFile; fileRef = BC823FF815ED9D4B009FFC47 /* InfoPlist.strings */; };
		BC823FFC15ED9D4B009FFC47 /* main.m in Sources */ = {isa = PBXBuildFile; fileRef = BC823FFB15ED9D4B009FFC47 /* main.m */; };
		BC82400015ED9D4B009FFC47 /* ScrollViewTestAppDelegate.m in Sources */ = {isa = PBXBuildFile; fileRef = BC823FFF15ED9D4B009FFC47 /* ScrollViewTestAppDelegate.m */; };
		BC82400315ED9D4B009FFC47 /* ScrollViewTestViewController.m in Sources */ = {isa = PBXBuildFile; fileRef = BC82400215ED9D4B009FFC47 /* ScrollViewTestViewController.m */; };
		BC82400615ED9D4B009FFC47 /* ScrollViewTestViewController.xib in Resources */ = {isa = PBXBuildFile; fileRef = BC82400415ED9D4B009FFC47 /* ScrollViewTestViewController.xib */; };
/* End PBXBuildFile section */

/* Begin PBXFileReference section */
		BC823FEB15ED9D4B009FFC47 /* ScrollViewTest.app */ = {isa = PBXFileReference; explicitFileType = wrapper.application; includeInIndex = 0; path = ScrollViewTest.app; sourceTree = BUILT_PRODUCTS_DIR; };
		BC823FEF15ED9D4B009FFC47 /* UIKit.framework */ = {isa = PBXFileReference; lastKnownFileType = wrapper.framework; name = UIKit.framework; path = System/Library/Frameworks/UIKit.framework; sourceTree = SDKROOT; };
		BC823FF115ED9D4B009FFC47 /* Foundation.framework */ = {isa = PBXFileReference; lastKnownFileType = wrapper.framework; name = Foundation.framework; path = System/Library/Frameworks/Foundation.framework; sourceTree = SDKROOT; };
		BC823FF315ED9D4B009FFC47 /* CoreGraphics.framework */ = {isa = PBXFileReference; lastKnownFileType = wrapper.framework; name = CoreGraphics.framework; path = System/Library/Frameworks/CoreGraphics.framework; sourceTree = SDKROOT; };
		BC823FF715ED9D4B009FFC47 /* ScrollViewTest-Info.plist */ = {isa = PBXFileReference; lastKnownFileType = text.plist.xml; path = "ScrollViewTest-Info.plist"; sourceTree = "<group>"; };
		BC823FF915ED9D4B009FFC47 /* en */ = {isa = PBXFileReference; lastKnownFileType = text.plist.strings; name = en; path = en.lproj/InfoPlist.strings; sourceTree = "<group>"; };
		BC823FFB15ED9D4B009FFC47 /* main.m */ = {isa = PBXFileReference; lastKnownFileType = sourcecode.c.objc; path = main.m; sourceTree = "<group>"; };
		BC823FFD15ED9D4B009FFC47 /* ScrollViewTest-Prefix.pch */ = {isa = PBXFileReference; lastKnownFileType = sourcecode.c.h; path = "ScrollViewTest-Prefix.pch"; sourceTree = "<group>"; };
		BC823FFE15ED9D4B009FFC47 /* ScrollViewTestAppDelegate.h */ = {isa = PBXFileReference; lastKnownFileType = sourcecode.c.h; path = ScrollViewTestAppDelegate.h; sourceTree = "<group>"; };
		BC823FFF15ED9D4B009FFC47 /* ScrollViewTestAppDelegate.m */ = {isa = PBXFileReference; lastKnownFileType = sourcecode.c.objc; path = ScrollViewTestAppDelegate.m; sourceTree = "<group>"; };
		BC82400115ED9D4B009FFC47 /* ScrollViewTestViewController.h */ = {isa = PBXFileReference; lastKnownFileType = sourcecode.c.h; path = ScrollViewTestViewController.h; sourceTree = "<group>"; };
		BC82400215ED9D4B009FFC47 /* ScrollViewTestViewController.m */ = {isa = PBXFileReference; lastKnownFileType = sourcecode.c.objc; path = ScrollViewTestViewController.m; sourceTree = "<group>"; };
		BC82400515ED9D4B009FFC47 /* en */ = {isa = PBXFileReference; lastKnownFileType = file.xib; name = en; path = en.lproj/ScrollViewTestViewController.xib; sourceTree = "<group>"; };
/* End PBXFileReference section */

/* Begin PBXFrameworksBuildPhase section */
		BC823FE815ED9D4B009FFC47 /* Frameworks */ = {
			isa = PBXFrameworksBuildPhase;
			buildActionMask = 2147483647;
			files = (
				BC823FF015ED9D4B009FFC47 /* UIKit.framework in Frameworks */,
				BC823FF215ED9D4B009FFC47 /* Foundation.framework in Frameworks */,
				BC823FF415ED9D4B009FFC47 /* CoreGraphics.framework in Frameworks */,
			);
			runOnlyForDeploymentPostprocessing = 0;
		};
/* End PBXFrameworksBuildPhase section */

/* Begin PBXGroup section */
		BC823FE015ED9D4B009FFC47 = {
			isa = PBXGroup;
			children = (
				BC823FF515ED9D4B009FFC47 /* ScrollViewTest */,
				BC823FEE15ED9D4B009FFC47 /* Frameworks */,
				BC823FEC15ED9D4B009FFC47 /* Products */,
			);
			sourceTree = "<group>";
		};
		BC823FEC15ED9D4B009FFC47 /* Products */ = {
			isa = PBXGroup;
			children = (
				BC823FEB15ED9D4B009FFC47 /* ScrollViewTest.app */,
			);
			name = Products;
			sourceTree = "<group>";
		};
		BC823FEE15ED9D4B009FFC47 /* Frameworks */ = {
			isa = PBXGroup;
			children = (
				BC823FEF15ED9D4B009FFC47 /* UIKit.framework */,
				BC823FF115ED9D4B009FFC47 /* Foundation.framework */,
				BC823FF315ED9D4B009FFC47 /* CoreGraphics.framework */,
			);
			name = Frameworks;
			sourceTree = "<group>";
		};
		BC823FF515ED9D4B009FFC47 /* ScrollViewTest */ = {
			isa = PBXGroup;
			children = (
				BC823FFE15ED9D4B009FFC47 /* ScrollViewTestAppDelegate.h */,
				BC823FFF15ED9D4B009FFC47 /* ScrollViewTestAppDelegate.m */,
				BC82400115ED9D4B009FFC47 /* ScrollViewTestViewController.h */,
				BC82400215ED9D4B009FFC47 /* ScrollViewTestViewController.m */,
				BC82400415ED9D4B009FFC47 /* ScrollViewTestViewController.xib */,
				BC823FF615ED9D4B009FFC47 /* Supporting Files */,
			);
			path = ScrollViewTest;
			sourceTree = "<group>";
		};
		BC823FF615ED9D4B009FFC47 /* Supporting Files */ = {
			isa = PBXGroup;
			children = (
				BC823FF715ED9D4B009FFC47 /* ScrollViewTest-Info.plist */,
				BC823FF815ED9D4B009FFC47 /* InfoPlist.strings */,
				BC823FFB15ED9D4B009FFC47 /* main.m */,
				BC823FFD15ED9D4B009FFC47 /* ScrollViewTest-Prefix.pch */,
			);
			name = "Supporting Files";
			sourceTree = "<group>";
		};
/* End PBXGroup section */

/* Begin PBXNativeTarget section */
		BC823FEA15ED9D4B009FFC47 /* ScrollViewTest */ = {
			isa = PBXNativeTarget;
			buildConfigurationList = BC82400915ED9D4B009FFC47 /* Build configuration list for PBXNativeTarget "ScrollViewTest" */;
			buildPhases = (
				BC823FE715ED9D4B009FFC47 /* Sources */,
				BC823FE815ED9D4B009FFC47 /* Frameworks */,
				BC823FE915ED9D4B009FFC47 /* Resources */,
			);
			buildRules = (
			);
			dependencies = (
			);
			name = ScrollViewTest;
			productName = ScrollViewTest;
			productReference = BC823FEB15ED9D4B009FFC47 /* ScrollViewTest.app */;
			productType = "com.apple.product-type.application";
		};
/* End PBXNativeTarget section */

/* Begin PBXProject section */
		BC823FE215ED9D4B009FFC47 /* Project object */ = {
			isa = PBXProject;
			attributes = {
				CLASSPREFIX = ScrollViewTest;
				LastUpgradeCheck = 0440;
				ORGANIZATIONNAME = "Sean Chan";
			};
			buildConfigurationList = BC823FE515ED9D4B009FFC47 /* Build configuration list for PBXProject "ScrollViewTest" */;
			compatibilityVersion = "Xcode 3.2";
			developmentRegion = English;
			hasScannedForEncodings = 0;
			knownRegions = (
				en,
			);
			mainGroup = BC823FE015ED9D4B009FFC47;
			productRefGroup = BC823FEC15ED9D4B009FFC47 /* Products */;
			projectDirPath = "";
			projectRoot = "";
			targets = (
				BC823FEA15ED9D4B009FFC47 /* ScrollViewTest */,
			);
		};
/* End PBXProject section */

/* Begin PBXResourcesBuildPhase section */
		BC823FE915ED9D4B009FFC47 /* Resources */ = {
			isa = PBXResourcesBuildPhase;
			buildActionMask = 2147483647;
			files = (
				BC823FFA15ED9D4B009FFC47 /* InfoPlist.strings in Resources */,
				BC82400615ED9D4B009FFC47 /* ScrollViewTestViewController.xib in Resources */,
			);
			runOnlyForDeploymentPostprocessing = 0;
		};
/* End PBXResourcesBuildPhase section */

/* Begin PBXSourcesBuildPhase section */
		BC823FE715ED9D4B009FFC47 /* Sources */ = {
			isa = PBXSourcesBuildPhase;
			buildActionMask = 2147483647;
			files = (
				BC823FFC15ED9D4B009FFC47 /* main.m in Sources */,
				BC82400015ED9D4B009FFC47 /* ScrollViewTestAppDelegate.m in Sources */,
				BC82400315ED9D4B009FFC47 /* ScrollViewTestViewController.m in Sources */,
			);
			runOnlyForDeploymentPostprocessing = 0;
		};
/* End PBXSourcesBuildPhase section */

/* Begin PBXVariantGroup section */
		BC823FF815ED9D4B009FFC47 /* InfoPlist.strings */ = {
			isa = PBXVariantGroup;
			children = (
				BC823FF915ED9D4B009FFC47 /* en */,
			);
			name = InfoPlist.strings;
			sourceTree = "<group>";
		};
		BC82400415ED9D4B009FFC47 /* ScrollViewTestViewController.xib */ = {
			isa = PBXVariantGroup;
			children = (
				BC82400515ED9D4B009FFC47 /* en */,
			);
			name = ScrollViewTestViewController.xib;
			sourceTree = "<group>";
		};
/* End PBXVariantGroup section */

/* Begin XCBuildConfiguration section */
		BC82400715ED9D4B009FFC47 /* Debug */ = {
			isa = XCBuildConfiguration;
			buildSettings = {
				ALWAYS_SEARCH_USER_PATHS = NO;
				ARCHS = "$(ARCHS_STANDARD_32_BIT)";
				CLANG_CXX_LANGUAGE_STANDARD = "gnu++0x";
				CLANG_ENABLE_OBJC_ARC = YES;
				CLANG_WARN__DUPLICATE_METHOD_MATCH = YES;
				"CODE_SIGN_IDENTITY[sdk=iphoneos*]" = "iPhone Developer";
				COPY_PHASE_STRIP = NO;
				GCC_C_LANGUAGE_STANDARD = gnu99;
				GCC_DYNAMIC_NO_PIC = NO;
				GCC_OPTIMIZATION_LEVEL = 0;
				GCC_PREPROCESSOR_DEFINITIONS = (
					"DEBUG=1",
					"$(inherited)",
				);
				GCC_SYMBOLS_PRIVATE_EXTERN = NO;
				GCC_VERSION = com.apple.compilers.llvm.clang.1_0;
				GCC_WARN_ABOUT_RETURN_TYPE = YES;
				GCC_WARN_UNINITIALIZED_AUTOS = YES;
				GCC_WARN_UNUSED_VARIABLE = YES;
				IPHONEOS_DEPLOYMENT_TARGET = 5.1;
				SDKROOT = iphoneos;
			};
			name = Debug;
		};
		BC82400815ED9D4B009FFC47 /* Release */ = {
			isa = XCBuildConfiguration;
			buildSettings = {
				ALWAYS_SEARCH_USER_PATHS = NO;
				ARCHS = "$(ARCHS_STANDARD_32_BIT)";
				CLANG_CXX_LANGUAGE_STANDARD = "gnu++0x";
				CLANG_ENABLE_OBJC_ARC = YES;
				CLANG_WARN__DUPLICATE_METHOD_MATCH = YES;
				"CODE_SIGN_IDENTITY[sdk=iphoneos*]" = "iPhone Developer";
				COPY_PHASE_STRIP = YES;
				GCC_C_LANGUAGE_STANDARD = gnu99;
				GCC_VERSION = com.apple.compilers.llvm.clang.1_0;
				GCC_WARN_ABOUT_RETURN_TYPE = YES;
				GCC_WARN_UNINITIALIZED_AUTOS = YES;
				GCC_WARN_UNUSED_VARIABLE = YES;
				IPHONEOS_DEPLOYMENT_TARGET = 5.1;
				OTHER_CFLAGS = "-DNS_BLOCK_ASSERTIONS=1";
				SDKROOT = iphoneos;
				VALIDATE_PRODUCT = YES;
			};
			name = Release;
		};
		BC82400A15ED9D4B009FFC47 /* Debug */ = {
			isa = XCBuildConfiguration;
			buildSettings = {
				GCC_PRECOMPILE_PREFIX_HEADER = YES;
				GCC_PREFIX_HEADER = "ScrollViewTest/ScrollViewTest-Prefix.pch";
				INFOPLIST_FILE = "ScrollViewTest/ScrollViewTest-Info.plist";
				PRODUCT_NAME = "$(TARGET_NAME)";
				WRAPPER_EXTENSION = app;
			};
			name = Debug;
		};
		BC82400B15ED9D4B009FFC47 /* Release */ = {
			isa = XCBuildConfiguration;
			buildSettings = {
				GCC_PRECOMPILE_PREFIX_HEADER = YES;
				GCC_PREFIX_HEADER = "ScrollViewTest/ScrollViewTest-Prefix.pch";
				INFOPLIST_FILE = "ScrollViewTest/ScrollViewTest-Info.plist";
				PRODUCT_NAME = "$(TARGET_NAME)";
				WRAPPER_EXTENSION = app;
			};
			name = Release;
		};
/* End XCBuildConfiguration section */

/* Begin XCConfigurationList section */
		BC823FE515ED9D4B009FFC47 /* Build configuration list for PBXProject "ScrollViewTest" */ = {
			isa = XCConfigurationList;
			buildConfigurations = (
				BC82400715ED9D4B009FFC47 /* Debug */,
				BC82400815ED9D4B009FFC47 /* Release */,
			);
			defaultConfigurationIsVisible = 0;
			defaultConfigurationName = Release;
		};
		BC82400915ED9D4B009FFC47 /* Build configuration list for PBXNativeTarget "ScrollViewTest" */ = {
			isa = XCConfigurationList;
			buildConfigurations = (
				BC82400A15ED9D4B009FFC47 /* Debug */,
				BC82400B15ED9D4B009FFC47 /* Release */,
			);
			defaultConfigurationIsVisible = 0;
		};
/* End XCConfigurationList section */
	};
	rootObject = BC823FE215ED9D4B009FFC47 /* Project object */;
}
